
Microsoft Visual Studio Solution File, Format Version 12.00
# Visual Studio Version 16
VisualStudioVersion = 16.0.30523.141
MinimumVisualStudioVersion = 10.0.40219.1
Project("{FAE04EC0-301F-11D3-BF4B-00C04F79EFBC}") = "DGCodeGen.Engine", "DGCodeGen.Engine\DGCodeGen.Engine.csproj", "{28DE2406-6672-4A32-A7D0-D3F0686FD0E3}"
EndProject
Project("{FAE04EC0-301F-11D3-BF4B-00C04F79EFBC}") = "TestLib.DGCommon", "TestLib.DGCommon\TestLib.DGCommon.csproj", "{9C7F2599-89D6-4AA3-BE04-B50C787EAFA6}"
EndProject
Project("{FAE04EC0-301F-11D3-BF4B-00C04F79EFBC}") = "TestLib.Grasshopper", "TestLib.Grasshopper\TestLib.Grasshopper.csproj", "{C8843C4E-17E1-4E80-8F6D-3B4B22097860}"
EndProject
Project("{FAE04EC0-301F-11D3-BF4B-00C04F79EFBC}") = "TestLib.Dynamo", "TestLib.Dynamo\TestLib.Dynamo.csproj", "{ADC0920B-9CDC-4C15-84E3-A35DE394E68C}"
EndProject
Global
	GlobalSection(SolutionConfigurationPlatforms) = preSolution
		Debug|Any CPU = Debug|Any CPU
		Release|Any CPU = Release|Any CPU
	EndGlobalSection
	GlobalSection(ProjectConfigurationPlatforms) = postSolution
		{28DE2406-6672-4A32-A7D0-D3F0686FD0E3}.Debug|Any CPU.ActiveCfg = Debug|Any CPU
		{28DE2406-6672-4A32-A7D0-D3F0686FD0E3}.Debug|Any CPU.Build.0 = Debug|Any CPU
		{28DE2406-6672-4A32-A7D0-D3F0686FD0E3}.Release|Any CPU.ActiveCfg = Release|Any CPU
		{28DE2406-6672-4A32-A7D0-D3F0686FD0E3}.Release|Any CPU.Build.0 = Release|Any CPU
		{9C7F2599-89D6-4AA3-BE04-B50C787EAFA6}.Debug|Any CPU.ActiveCfg = Debug|Any CPU
		{9C7F2599-89D6-4AA3-BE04-B50C787EAFA6}.Debug|Any CPU.Build.0 = Debug|Any CPU
		{9C7F2599-89D6-4AA3-BE04-B50C787EAFA6}.Release|Any CPU.ActiveCfg = Release|Any CPU
		{9C7F2599-89D6-4AA3-BE04-B50C787EAFA6}.Release|Any CPU.Build.0 = Release|Any CPU
		{C8843C4E-17E1-4E80-8F6D-3B4B22097860}.Debug|Any CPU.ActiveCfg = Debug|Any CPU
		{C8843C4E-17E1-4E80-8F6D-3B4B22097860}.Debug|Any CPU.Build.0 = Debug|Any CPU
		{C8843C4E-17E1-4E80-8F6D-3B4B22097860}.Release|Any CPU.ActiveCfg = Release|Any CPU
		{C8843C4E-17E1-4E80-8F6D-3B4B22097860}.Release|Any CPU.Build.0 = Release|Any CPU
		{ADC0920B-9CDC-4C15-84E3-A35DE394E68C}.Debug|Any CPU.ActiveCfg = Debug|Any CPU
		{ADC0920B-9CDC-4C15-84E3-A35DE394E68C}.Debug|Any CPU.Build.0 = Debug|Any CPU
		{ADC0920B-9CDC-4C15-84E3-A35DE394E68C}.Release|Any CPU.ActiveCfg = Release|Any CPU
		{ADC0920B-9CDC-4C15-84E3-A35DE394E68C}.Release|Any CPU.Build.0 = Release|Any CPU
	EndGlobalSection
	GlobalSection(SolutionProperties) = preSolution
		HideSolutionNode = FALSE
	EndGlobalSection
	GlobalSection(ExtensibilityGlobals) = postSolution
		SolutionGuid = {12DAAD14-CB61-40CB-A2BB-582D87DC2B7A}
	EndGlobalSection
EndGlobal
